// !$*UTF8*$!
{
	archiveVersion = 1;
	classes = {
	};
	objectVersion = 46;
	objects = {

/* Begin PBXBuildFile section */
		B7A7A2331C85CD2100764A0F /* AppDelegate.swift in Sources */ = {isa = PBXBuildFile; fileRef = B7A7A2321C85CD2100764A0F /* AppDelegate.swift */; };
		B7A7A2351C85CD2100764A0F /* ViewController.swift in Sources */ = {isa = PBXBuildFile; fileRef = B7A7A2341C85CD2100764A0F /* ViewController.swift */; };
		B7A7A2381C85CD2100764A0F /* Main.storyboard in Resources */ = {isa = PBXBuildFile; fileRef = B7A7A2361C85CD2100764A0F /* Main.storyboard */; };
		B7A7A23A1C85CD2100764A0F /* Assets.xcassets in Resources */ = {isa = PBXBuildFile; fileRef = B7A7A2391C85CD2100764A0F /* Assets.xcassets */; };
		B7A7A23D1C85CD2100764A0F /* LaunchScreen.storyboard in Resources */ = {isa = PBXBuildFile; fileRef = B7A7A23B1C85CD2100764A0F /* LaunchScreen.storyboard */; };
		B7A7A2481C85CD2100764A0F /* KinveyTest1Tests.swift in Sources */ = {isa = PBXBuildFile; fileRef = B7A7A2471C85CD2100764A0F /* KinveyTest1Tests.swift */; };
		B7A7A2531C85CD2100764A0F /* KinveyTest1UITests.swift in Sources */ = {isa = PBXBuildFile; fileRef = B7A7A2521C85CD2100764A0F /* KinveyTest1UITests.swift */; };
		B7A7A2621C85CD7100764A0F /* KinveyKit.framework in Frameworks */ = {isa = PBXBuildFile; fileRef = B7A7A2611C85CD7100764A0F /* KinveyKit.framework */; };
		B7A7A2641C85CD9D00764A0F /* Accounts.framework in Frameworks */ = {isa = PBXBuildFile; fileRef = B7A7A2631C85CD9D00764A0F /* Accounts.framework */; };
		B7A7A2661C85CDAB00764A0F /* CoreGraphics.framework in Frameworks */ = {isa = PBXBuildFile; fileRef = B7A7A2651C85CDAB00764A0F /* CoreGraphics.framework */; };
		B7A7A2681C85CDBF00764A0F /* CoreLocation.framework in Frameworks */ = {isa = PBXBuildFile; fileRef = B7A7A2671C85CDBF00764A0F /* CoreLocation.framework */; };
		B7A7A26A1C85CDE900764A0F /* libsqlite3.tbd in Frameworks */ = {isa = PBXBuildFile; fileRef = B7A7A2691C85CDE900764A0F /* libsqlite3.tbd */; };
		B7A7A26C1C85CDFA00764A0F /* MobileCoreServices.framework in Frameworks */ = {isa = PBXBuildFile; fileRef = B7A7A26B1C85CDFA00764A0F /* MobileCoreServices.framework */; };
		B7A7A26E1C85CE0800764A0F /* Security.framework in Frameworks */ = {isa = PBXBuildFile; fileRef = B7A7A26D1C85CE0800764A0F /* Security.framework */; };
		B7A7A2701C85CE0E00764A0F /* Social.framework in Frameworks */ = {isa = PBXBuildFile; fileRef = B7A7A26F1C85CE0E00764A0F /* Social.framework */; };
		B7A7A2721C85CE2300764A0F /* SystemConfiguration.framework in Frameworks */ = {isa = PBXBuildFile; fileRef = B7A7A2711C85CE2300764A0F /* SystemConfiguration.framework */; };
		B7A7A2741C85CE4200764A0F /* WebKit.framework in Frameworks */ = {isa = PBXBuildFile; fileRef = B7A7A2731C85CE4200764A0F /* WebKit.framework */; };
/* End PBXBuildFile section */

/* Begin PBXContainerItemProxy section */
		B7A7A2441C85CD2100764A0F /* PBXContainerItemProxy */ = {
			isa = PBXContainerItemProxy;
			containerPortal = B7A7A2271C85CD2100764A0F /* Project object */;
			proxyType = 1;
			remoteGlobalIDString = B7A7A22E1C85CD2100764A0F;
			remoteInfo = KinveyTest1;
		};
		B7A7A24F1C85CD2100764A0F /* PBXContainerItemProxy */ = {
			isa = PBXContainerItemProxy;
			containerPortal = B7A7A2271C85CD2100764A0F /* Project object */;
			proxyType = 1;
			remoteGlobalIDString = B7A7A22E1C85CD2100764A0F;
			remoteInfo = KinveyTest1;
		};
/* End PBXContainerItemProxy section */

/* Begin PBXFileReference section */
		B7A7A22F1C85CD2100764A0F /* KinveyTest1.app */ = {isa = PBXFileReference; explicitFileType = wrapper.application; includeInIndex = 0; path = KinveyTest1.app; sourceTree = BUILT_PRODUCTS_DIR; };
		B7A7A2321C85CD2100764A0F /* AppDelegate.swift */ = {isa = PBXFileReference; lastKnownFileType = sourcecode.swift; path = AppDelegate.swift; sourceTree = "<group>"; };
		B7A7A2341C85CD2100764A0F /* ViewController.swift */ = {isa = PBXFileReference; lastKnownFileType = sourcecode.swift; path = ViewController.swift; sourceTree = "<group>"; };
		B7A7A2371C85CD2100764A0F /* Base */ = {isa = PBXFileReference; lastKnownFileType = file.storyboard; name = Base; path = Base.lproj/Main.storyboard; sourceTree = "<group>"; };
		B7A7A2391C85CD2100764A0F /* Assets.xcassets */ = {isa = PBXFileReference; lastKnownFileType = folder.assetcatalog; path = Assets.xcassets; sourceTree = "<group>"; };
		B7A7A23C1C85CD2100764A0F /* Base */ = {isa = PBXFileReference; lastKnownFileType = file.storyboard; name = Base; path = Base.lproj/LaunchScreen.storyboard; sourceTree = "<group>"; };
		B7A7A23E1C85CD2100764A0F /* Info.plist */ = {isa = PBXFileReference; lastKnownFileType = text.plist.xml; path = Info.plist; sourceTree = "<group>"; };
		B7A7A2431C85CD2100764A0F /* KinveyTest1Tests.xctest */ = {isa = PBXFileReference; explicitFileType = wrapper.cfbundle; includeInIndex = 0; path = KinveyTest1Tests.xctest; sourceTree = BUILT_PRODUCTS_DIR; };
		B7A7A2471C85CD2100764A0F /* KinveyTest1Tests.swift */ = {isa = PBXFileReference; lastKnownFileType = sourcecode.swift; path = KinveyTest1Tests.swift; sourceTree = "<group>"; };
		B7A7A2491C85CD2100764A0F /* Info.plist */ = {isa = PBXFileReference; lastKnownFileType = text.plist.xml; path = Info.plist; sourceTree = "<group>"; };
		B7A7A24E1C85CD2100764A0F /* KinveyTest1UITests.xctest */ = {isa = PBXFileReference; explicitFileType = wrapper.cfbundle; includeInIndex = 0; path = KinveyTest1UITests.xctest; sourceTree = BUILT_PRODUCTS_DIR; };
		B7A7A2521C85CD2100764A0F /* KinveyTest1UITests.swift */ = {isa = PBXFileReference; lastKnownFileType = sourcecode.swift; path = KinveyTest1UITests.swift; sourceTree = "<group>"; };
		B7A7A2541C85CD2200764A0F /* Info.plist */ = {isa = PBXFileReference; lastKnownFileType = text.plist.xml; path = Info.plist; sourceTree = "<group>"; };
		B7A7A2611C85CD7100764A0F /* KinveyKit.framework */ = {isa = PBXFileReference; lastKnownFileType = wrapper.framework; path = KinveyKit.framework; sourceTree = "<group>"; };
		B7A7A2631C85CD9D00764A0F /* Accounts.framework */ = {isa = PBXFileReference; lastKnownFileType = wrapper.framework; name = Accounts.framework; path = System/Library/Frameworks/Accounts.framework; sourceTree = SDKROOT; };
		B7A7A2651C85CDAB00764A0F /* CoreGraphics.framework */ = {isa = PBXFileReference; lastKnownFileType = wrapper.framework; name = CoreGraphics.framework; path = System/Library/Frameworks/CoreGraphics.framework; sourceTree = SDKROOT; };
		B7A7A2671C85CDBF00764A0F /* CoreLocation.framework */ = {isa = PBXFileReference; lastKnownFileType = wrapper.framework; name = CoreLocation.framework; path = System/Library/Frameworks/CoreLocation.framework; sourceTree = SDKROOT; };
		B7A7A2691C85CDE900764A0F /* libsqlite3.tbd */ = {isa = PBXFileReference; lastKnownFileType = "sourcecode.text-based-dylib-definition"; name = libsqlite3.tbd; path = usr/lib/libsqlite3.tbd; sourceTree = SDKROOT; };
		B7A7A26B1C85CDFA00764A0F /* MobileCoreServices.framework */ = {isa = PBXFileReference; lastKnownFileType = wrapper.framework; name = MobileCoreServices.framework; path = System/Library/Frameworks/MobileCoreServices.framework; sourceTree = SDKROOT; };
		B7A7A26D1C85CE0800764A0F /* Security.framework */ = {isa = PBXFileReference; lastKnownFileType = wrapper.framework; name = Security.framework; path = System/Library/Frameworks/Security.framework; sourceTree = SDKROOT; };
		B7A7A26F1C85CE0E00764A0F /* Social.framework */ = {isa = PBXFileReference; lastKnownFileType = wrapper.framework; name = Social.framework; path = System/Library/Frameworks/Social.framework; sourceTree = SDKROOT; };
		B7A7A2711C85CE2300764A0F /* SystemConfiguration.framework */ = {isa = PBXFileReference; lastKnownFileType = wrapper.framework; name = SystemConfiguration.framework; path = System/Library/Frameworks/SystemConfiguration.framework; sourceTree = SDKROOT; };
		B7A7A2731C85CE4200764A0F /* WebKit.framework */ = {isa = PBXFileReference; lastKnownFileType = wrapper.framework; name = WebKit.framework; path = System/Library/PrivateFrameworks/WebKit.framework; sourceTree = SDKROOT; };
		B7A7A2751C85CF3200764A0F /* KinveyIOSGuide-Bridging-Header.h */ = {isa = PBXFileReference; lastKnownFileType = sourcecode.c.h; path = "KinveyIOSGuide-Bridging-Header.h"; sourceTree = "<group>"; };
/* End PBXFileReference section */

/* Begin PBXFrameworksBuildPhase section */
		B7A7A22C1C85CD2100764A0F /* Frameworks */ = {
			isa = PBXFrameworksBuildPhase;
			buildActionMask = 2147483647;
			files = (
				B7A7A2741C85CE4200764A0F /* WebKit.framework in Frameworks */,
				B7A7A2721C85CE2300764A0F /* SystemConfiguration.framework in Frameworks */,
				B7A7A2701C85CE0E00764A0F /* Social.framework in Frameworks */,
				B7A7A26E1C85CE0800764A0F /* Security.framework in Frameworks */,
				B7A7A26C1C85CDFA00764A0F /* MobileCoreServices.framework in Frameworks */,
				B7A7A26A1C85CDE900764A0F /* libsqlite3.tbd in Frameworks */,
				B7A7A2681C85CDBF00764A0F /* CoreLocation.framework in Frameworks */,
				B7A7A2661C85CDAB00764A0F /* CoreGraphics.framework in Frameworks */,
				B7A7A2641C85CD9D00764A0F /* Accounts.framework in Frameworks */,
				B7A7A2621C85CD7100764A0F /* KinveyKit.framework in Frameworks */,
			);
			runOnlyForDeploymentPostprocessing = 0;
		};
		B7A7A2401C85CD2100764A0F /* Frameworks */ = {
			isa = PBXFrameworksBuildPhase;
			buildActionMask = 2147483647;
			files = (
			);
			runOnlyForDeploymentPostprocessing = 0;
		};
		B7A7A24B1C85CD2100764A0F /* Frameworks */ = {
			isa = PBXFrameworksBuildPhase;
			buildActionMask = 2147483647;
			files = (
			);
			runOnlyForDeploymentPostprocessing = 0;
		};
/* End PBXFrameworksBuildPhase section */

/* Begin PBXGroup section */
		B7A7A2261C85CD2100764A0F = {
			isa = PBXGroup;
			children = (
				B7A7A2601C85CD4300764A0F /* Frameworks */,
				B7A7A2311C85CD2100764A0F /* KinveyTest1 */,
				B7A7A2461C85CD2100764A0F /* KinveyTest1Tests */,
				B7A7A2511C85CD2100764A0F /* KinveyTest1UITests */,
				B7A7A2301C85CD2100764A0F /* Products */,
			);
			sourceTree = "<group>";
		};
		B7A7A2301C85CD2100764A0F /* Products */ = {
			isa = PBXGroup;
			children = (
				B7A7A22F1C85CD2100764A0F /* KinveyTest1.app */,
				B7A7A2431C85CD2100764A0F /* KinveyTest1Tests.xctest */,
				B7A7A24E1C85CD2100764A0F /* KinveyTest1UITests.xctest */,
			);
			name = Products;
			sourceTree = "<group>";
		};
		B7A7A2311C85CD2100764A0F /* KinveyTest1 */ = {
			isa = PBXGroup;
			children = (
				B7A7A2321C85CD2100764A0F /* AppDelegate.swift */,
				B7A7A2341C85CD2100764A0F /* ViewController.swift */,
				B7A7A2361C85CD2100764A0F /* Main.storyboard */,
				B7A7A2391C85CD2100764A0F /* Assets.xcassets */,
				B7A7A23B1C85CD2100764A0F /* LaunchScreen.storyboard */,
				B7A7A23E1C85CD2100764A0F /* Info.plist */,
				B7A7A2751C85CF3200764A0F /* KinveyIOSGuide-Bridging-Header.h */,
			);
			path = KinveyTest1;
			sourceTree = "<group>";
		};
		B7A7A2461C85CD2100764A0F /* KinveyTest1Tests */ = {
			isa = PBXGroup;
			children = (
				B7A7A2471C85CD2100764A0F /* KinveyTest1Tests.swift */,
				B7A7A2491C85CD2100764A0F /* Info.plist */,
			);
			path = KinveyTest1Tests;
			sourceTree = "<group>";
		};
		B7A7A2511C85CD2100764A0F /* KinveyTest1UITests */ = {
			isa = PBXGroup;
			children = (
				B7A7A2521C85CD2100764A0F /* KinveyTest1UITests.swift */,
				B7A7A2541C85CD2200764A0F /* Info.plist */,
			);
			path = KinveyTest1UITests;
			sourceTree = "<group>";
		};
		B7A7A2601C85CD4300764A0F /* Frameworks */ = {
			isa = PBXGroup;
			children = (
				B7A7A2731C85CE4200764A0F /* WebKit.framework */,
				B7A7A2711C85CE2300764A0F /* SystemConfiguration.framework */,
				B7A7A26F1C85CE0E00764A0F /* Social.framework */,
				B7A7A26D1C85CE0800764A0F /* Security.framework */,
				B7A7A26B1C85CDFA00764A0F /* MobileCoreServices.framework */,
				B7A7A2691C85CDE900764A0F /* libsqlite3.tbd */,
				B7A7A2671C85CDBF00764A0F /* CoreLocation.framework */,
				B7A7A2651C85CDAB00764A0F /* CoreGraphics.framework */,
				B7A7A2631C85CD9D00764A0F /* Accounts.framework */,
				B7A7A2611C85CD7100764A0F /* KinveyKit.framework */,
			);
			name = Frameworks;
			sourceTree = "<group>";
		};
/* End PBXGroup section */

/* Begin PBXNativeTarget section */
		B7A7A22E1C85CD2100764A0F /* KinveyTest1 */ = {
			isa = PBXNativeTarget;
			buildConfigurationList = B7A7A2571C85CD2200764A0F /* Build configuration list for PBXNativeTarget "KinveyTest1" */;
			buildPhases = (
				B7A7A22B1C85CD2100764A0F /* Sources */,
				B7A7A22C1C85CD2100764A0F /* Frameworks */,
				B7A7A22D1C85CD2100764A0F /* Resources */,
			);
			buildRules = (
			);
			dependencies = (
			);
			name = KinveyTest1;
			productName = KinveyTest1;
			productReference = B7A7A22F1C85CD2100764A0F /* KinveyTest1.app */;
			productType = "com.apple.product-type.application";
		};
		B7A7A2421C85CD2100764A0F /* KinveyTest1Tests */ = {
			isa = PBXNativeTarget;
			buildConfigurationList = B7A7A25A1C85CD2200764A0F /* Build configuration list for PBXNativeTarget "KinveyTest1Tests" */;
			buildPhases = (
				B7A7A23F1C85CD2100764A0F /* Sources */,
				B7A7A2401C85CD2100764A0F /* Frameworks */,
				B7A7A2411C85CD2100764A0F /* Resources */,
			);
			buildRules = (
			);
			dependencies = (
				B7A7A2451C85CD2100764A0F /* PBXTargetDependency */,
			);
			name = KinveyTest1Tests;
			productName = KinveyTest1Tests;
			productReference = B7A7A2431C85CD2100764A0F /* KinveyTest1Tests.xctest */;
			productType = "com.apple.product-type.bundle.unit-test";
		};
		B7A7A24D1C85CD2100764A0F /* KinveyTest1UITests */ = {
			isa = PBXNativeTarget;
			buildConfigurationList = B7A7A25D1C85CD2200764A0F /* Build configuration list for PBXNativeTarget "KinveyTest1UITests" */;
			buildPhases = (
				B7A7A24A1C85CD2100764A0F /* Sources */,
				B7A7A24B1C85CD2100764A0F /* Frameworks */,
				B7A7A24C1C85CD2100764A0F /* Resources */,
			);
			buildRules = (
			);
			dependencies = (
				B7A7A2501C85CD2100764A0F /* PBXTargetDependency */,
			);
			name = KinveyTest1UITests;
			productName = KinveyTest1UITests;
			productReference = B7A7A24E1C85CD2100764A0F /* KinveyTest1UITests.xctest */;
			productType = "com.apple.product-type.bundle.ui-testing";
		};
/* End PBXNativeTarget section */

/* Begin PBXProject section */
		B7A7A2271C85CD2100764A0F /* Project object */ = {
			isa = PBXProject;
			attributes = {
				LastSwiftUpdateCheck = 0720;
				LastUpgradeCheck = 0720;
				ORGANIZATIONNAME = "pedro alonso";
				TargetAttributes = {
					B7A7A22E1C85CD2100764A0F = {
						CreatedOnToolsVersion = 7.2.1;
					};
					B7A7A2421C85CD2100764A0F = {
						CreatedOnToolsVersion = 7.2.1;
						TestTargetID = B7A7A22E1C85CD2100764A0F;
					};
					B7A7A24D1C85CD2100764A0F = {
						CreatedOnToolsVersion = 7.2.1;
						TestTargetID = B7A7A22E1C85CD2100764A0F;
					};
				};
			};
			buildConfigurationList = B7A7A22A1C85CD2100764A0F /* Build configuration list for PBXProject "KinveyTest1" */;
			compatibilityVersion = "Xcode 3.2";
			developmentRegion = English;
			hasScannedForEncodings = 0;
			knownRegions = (
				en,
				Base,
			);
			mainGroup = B7A7A2261C85CD2100764A0F;
			productRefGroup = B7A7A2301C85CD2100764A0F /* Products */;
			projectDirPath = "";
			projectRoot = "";
			targets = (
				B7A7A22E1C85CD2100764A0F /* KinveyTest1 */,
				B7A7A2421C85CD2100764A0F /* KinveyTest1Tests */,
				B7A7A24D1C85CD2100764A0F /* KinveyTest1UITests */,
			);
		};
/* End PBXProject section */

/* Begin PBXResourcesBuildPhase section */
		B7A7A22D1C85CD2100764A0F /* Resources */ = {
			isa = PBXResourcesBuildPhase;
			buildActionMask = 2147483647;
			files = (
				B7A7A23D1C85CD2100764A0F /* LaunchScreen.storyboard in Resources */,
				B7A7A23A1C85CD2100764A0F /* Assets.xcassets in Resources */,
				B7A7A2381C85CD2100764A0F /* Main.storyboard in Resources */,
			);
			runOnlyForDeploymentPostprocessing = 0;
		};
		B7A7A2411C85CD2100764A0F /* Resources */ = {
			isa = PBXResourcesBuildPhase;
			buildActionMask = 2147483647;
			files = (
			);
			runOnlyForDeploymentPostprocessing = 0;
		};
		B7A7A24C1C85CD2100764A0F /* Resources */ = {
			isa = PBXResourcesBuildPhase;
			buildActionMask = 2147483647;
			files = (
			);
			runOnlyForDeploymentPostprocessing = 0;
		};
/* End PBXResourcesBuildPhase section */

/* Begin PBXSourcesBuildPhase section */
		B7A7A22B1C85CD2100764A0F /* Sources */ = {
			isa = PBXSourcesBuildPhase;
			buildActionMask = 2147483647;
			files = (
				B7A7A2351C85CD2100764A0F /* ViewController.swift in Sources */,
				B7A7A2331C85CD2100764A0F /* AppDelegate.swift in Sources */,
			);
			runOnlyForDeploymentPostprocessing = 0;
		};
		B7A7A23F1C85CD2100764A0F /* Sources */ = {
			isa = PBXSourcesBuildPhase;
			buildActionMask = 2147483647;
			files = (
				B7A7A2481C85CD2100764A0F /* KinveyTest1Tests.swift in Sources */,
			);
			runOnlyForDeploymentPostprocessing = 0;
		};
		B7A7A24A1C85CD2100764A0F /* Sources */ = {
			isa = PBXSourcesBuildPhase;
			buildActionMask = 2147483647;
			files = (
				B7A7A2531C85CD2100764A0F /* KinveyTest1UITests.swift in Sources */,
			);
			runOnlyForDeploymentPostprocessing = 0;
		};
/* End PBXSourcesBuildPhase section */

/* Begin PBXTargetDependency section */
		B7A7A2451C85CD2100764A0F /* PBXTargetDependency */ = {
			isa = PBXTargetDependency;
			target = B7A7A22E1C85CD2100764A0F /* KinveyTest1 */;
			targetProxy = B7A7A2441C85CD2100764A0F /* PBXContainerItemProxy */;
		};
		B7A7A2501C85CD2100764A0F /* PBXTargetDependency */ = {
			isa = PBXTargetDependency;
			target = B7A7A22E1C85CD2100764A0F /* KinveyTest1 */;
			targetProxy = B7A7A24F1C85CD2100764A0F /* PBXContainerItemProxy */;
		};
/* End PBXTargetDependency section */

/* Begin PBXVariantGroup section */
		B7A7A2361C85CD2100764A0F /* Main.storyboard */ = {
			isa = PBXVariantGroup;
			children = (
				B7A7A2371C85CD2100764A0F /* Base */,
			);
			name = Main.storyboard;
			sourceTree = "<group>";
		};
		B7A7A23B1C85CD2100764A0F /* LaunchScreen.storyboard */ = {
			isa = PBXVariantGroup;
			children = (
				B7A7A23C1C85CD2100764A0F /* Base */,
			);
			name = LaunchScreen.storyboard;
			sourceTree = "<group>";
		};
/* End PBXVariantGroup section */

/* Begin XCBuildConfiguration section */
		B7A7A2551C85CD2200764A0F /* Debug */ = {
			isa = XCBuildConfiguration;
			buildSettings = {
				ALWAYS_SEARCH_USER_PATHS = NO;
				CLANG_CXX_LANGUAGE_STANDARD = "gnu++0x";
				CLANG_CXX_LIBRARY = "libc++";
				CLANG_ENABLE_MODULES = YES;
				CLANG_ENABLE_OBJC_ARC = YES;
				CLANG_WARN_BOOL_CONVERSION = YES;
				CLANG_WARN_CONSTANT_CONVERSION = YES;
				CLANG_WARN_DIRECT_OBJC_ISA_USAGE = YES_ERROR;
				CLANG_WARN_EMPTY_BODY = YES;
				CLANG_WARN_ENUM_CONVERSION = YES;
				CLANG_WARN_INT_CONVERSION = YES;
				CLANG_WARN_OBJC_ROOT_CLASS = YES_ERROR;
				CLANG_WARN_UNREACHABLE_CODE = YES;
				CLANG_WARN__DUPLICATE_METHOD_MATCH = YES;
				"CODE_SIGN_IDENTITY[sdk=iphoneos*]" = "iPhone Developer";
				COPY_PHASE_STRIP = NO;
				DEBUG_INFORMATION_FORMAT = dwarf;
				ENABLE_STRICT_OBJC_MSGSEND = YES;
				ENABLE_TESTABILITY = YES;
				GCC_C_LANGUAGE_STANDARD = gnu99;
				GCC_DYNAMIC_NO_PIC = NO;
				GCC_NO_COMMON_BLOCKS = YES;
				GCC_OPTIMIZATION_LEVEL = 0;
				GCC_PREPROCESSOR_DEFINITIONS = (
					"DEBUG=1",
					"$(inherited)",
				);
				GCC_WARN_64_TO_32_BIT_CONVERSION = YES;
				GCC_WARN_ABOUT_RETURN_TYPE = YES_ERROR;
				GCC_WARN_UNDECLARED_SELECTOR = YES;
				GCC_WARN_UNINITIALIZED_AUTOS = YES_AGGRESSIVE;
				GCC_WARN_UNUSED_FUNCTION = YES;
				GCC_WARN_UNUSED_VARIABLE = YES;
				IPHONEOS_DEPLOYMENT_TARGET = 9.2;
				MTL_ENABLE_DEBUG_INFO = YES;
				ONLY_ACTIVE_ARCH = YES;
				SDKROOT = iphoneos;
				SWIFT_OPTIMIZATION_LEVEL = "-Onone";
			};
			name = Debug;
		};
		B7A7A2561C85CD2200764A0F /* Release */ = {
			isa = XCBuildConfiguration;
			buildSettings = {
				ALWAYS_SEARCH_USER_PATHS = NO;
				CLANG_CXX_LANGUAGE_STANDARD = "gnu++0x";
				CLANG_CXX_LIBRARY = "libc++";
				CLANG_ENABLE_MODULES = YES;
				CLANG_ENABLE_OBJC_ARC = YES;
				CLANG_WARN_BOOL_CONVERSION = YES;
				CLANG_WARN_CONSTANT_CONVERSION = YES;
				CLANG_WARN_DIRECT_OBJC_ISA_USAGE = YES_ERROR;
				CLANG_WARN_EMPTY_BODY = YES;
				CLANG_WARN_ENUM_CONVERSION = YES;
				CLANG_WARN_INT_CONVERSION = YES;
				CLANG_WARN_OBJC_ROOT_CLASS = YES_ERROR;
				CLANG_WARN_UNREACHABLE_CODE = YES;
				CLANG_WARN__DUPLICATE_METHOD_MATCH = YES;
				"CODE_SIGN_IDENTITY[sdk=iphoneos*]" = "iPhone Developer";
				COPY_PHASE_STRIP = NO;
				DEBUG_INFORMATION_FORMAT = "dwarf-with-dsym";
				ENABLE_NS_ASSERTIONS = NO;
				ENABLE_STRICT_OBJC_MSGSEND = YES;
				GCC_C_LANGUAGE_STANDARD = gnu99;
				GCC_NO_COMMON_BLOCKS = YES;
				GCC_WARN_64_TO_32_BIT_CONVERSION = YES;
				GCC_WARN_ABOUT_RETURN_TYPE = YES_ERROR;
				GCC_WARN_UNDECLARED_SELECTOR = YES;
				GCC_WARN_UNINITIALIZED_AUTOS = YES_AGGRESSIVE;
				GCC_WARN_UNUSED_FUNCTION = YES;
				GCC_WARN_UNUSED_VARIABLE = YES;
				IPHONEOS_DEPLOYMENT_TARGET = 9.2;
				MTL_ENABLE_DEBUG_INFO = NO;
				SDKROOT = iphoneos;
				VALIDATE_PRODUCT = YES;
			};
			name = Release;
		};
		B7A7A2581C85CD2200764A0F /* Debug */ = {
			isa = XCBuildConfiguration;
			buildSettings = {
				ASSETCATALOG_COMPILER_APPICON_NAME = AppIcon;
				FRAMEWORK_SEARCH_PATHS = (
					"$(inherited)",
					"$(PROJECT_DIR)",
					"$(SDKROOT)$(SYSTEM_LIBRARY_DIR)/PrivateFrameworks",
				);
				INFOPLIST_FILE = KinveyTest1/Info.plist;
				LD_RUNPATH_SEARCH_PATHS = "$(inherited) @executable_path/Frameworks";
				OTHER_LDFLAGS = "-ObjC";
				PRODUCT_BUNDLE_IDENTIFIER = com.pedroalonso.KinveyTest1;
				PRODUCT_NAME = "$(TARGET_NAME)";
				SWIFT_OBJC_BRIDGING_HEADER = "KinveyTest1/KinveyIOSGuide-Bridging-Header.h";
			};
			name = Debug;
		};
		B7A7A2591C85CD2200764A0F /* Release */ = {
			isa = XCBuildConfiguration;
			buildSettings = {
				ASSETCATALOG_COMPILER_APPICON_NAME = AppIcon;
				FRAMEWORK_SEARCH_PATHS = (
					"$(inherited)",
					"$(PROJECT_DIR)",
					"$(SDKROOT)$(SYSTEM_LIBRARY_DIR)/PrivateFrameworks",
				);
				INFOPLIST_FILE = KinveyTest1/Info.plist;
				LD_RUNPATH_SEARCH_PATHS = "$(inherited) @executable_path/Frameworks";
				OTHER_LDFLAGS = "-ObjC";
				PRODUCT_BUNDLE_IDENTIFIER = com.pedroalonso.KinveyTest1;
				PRODUCT_NAME = "$(TARGET_NAME)";
				SWIFT_OBJC_BRIDGING_HEADER = "KinveyTest1/KinveyIOSGuide-Bridging-Header.h";
			};
			name = Release;
		};
		B7A7A25B1C85CD2200764A0F /* Debug */ = {
			isa = XCBuildConfiguration;
			buildSettings = {
				BUNDLE_LOADER = "$(TEST_HOST)";
				INFOPLIST_FILE = KinveyTest1Tests/Info.plist;
				LD_RUNPATH_SEARCH_PATHS = "$(inherited) @executable_path/Frameworks @loader_path/Frameworks";
				PRODUCT_BUNDLE_IDENTIFIER = com.pedroalonso.KinveyTest1Tests;
				PRODUCT_NAME = "$(TARGET_NAME)";
				TEST_HOST = "$(BUILT_PRODUCTS_DIR)/KinveyTest1.app/KinveyTest1";
			};
			name = Debug;
		};
		B7A7A25C1C85CD2200764A0F /* Release */ = {
			isa = XCBuildConfiguration;
			buildSettings = {
				BUNDLE_LOADER = "$(TEST_HOST)";
				INFOPLIST_FILE = KinveyTest1Tests/Info.plist;
				LD_RUNPATH_SEARCH_PATHS = "$(inherited) @executable_path/Frameworks @loader_path/Frameworks";
				PRODUCT_BUNDLE_IDENTIFIER = com.pedroalonso.KinveyTest1Tests;
				PRODUCT_NAME = "$(TARGET_NAME)";
				TEST_HOST = "$(BUILT_PRODUCTS_DIR)/KinveyTest1.app/KinveyTest1";
			};
			name = Release;
		};
		B7A7A25E1C85CD2200764A0F /* Debug */ = {
			isa = XCBuildConfiguration;
			buildSettings = {
				INFOPLIST_FILE = KinveyTest1UITests/Info.plist;
				LD_RUNPATH_SEARCH_PATHS = "$(inherited) @executable_path/Frameworks @loader_path/Frameworks";
				PRODUCT_BUNDLE_IDENTIFIER = com.pedroalonso.KinveyTest1UITests;
				PRODUCT_NAME = "$(TARGET_NAME)";
				TEST_TARGET_NAME = KinveyTest1;
				USES_XCTRUNNER = YES;
			};
			name = Debug;
		};
		B7A7A25F1C85CD2200764A0F /* Release */ = {
			isa = XCBuildConfiguration;
			buildSettings = {
				INFOPLIST_FILE = KinveyTest1UITests/Info.plist;
				LD_RUNPATH_SEARCH_PATHS = "$(inherited) @executable_path/Frameworks @loader_path/Frameworks";
				PRODUCT_BUNDLE_IDENTIFIER = com.pedroalonso.KinveyTest1UITests;
				PRODUCT_NAME = "$(TARGET_NAME)";
				TEST_TARGET_NAME = KinveyTest1;
				USES_XCTRUNNER = YES;
			};
			name = Release;
		};
/* End XCBuildConfiguration section */

/* Begin XCConfigurationList section */
		B7A7A22A1C85CD2100764A0F /* Build configuration list for PBXProject "KinveyTest1" */ = {
			isa = XCConfigurationList;
			buildConfigurations = (
				B7A7A2551C85CD2200764A0F /* Debug */,
				B7A7A2561C85CD2200764A0F /* Release */,
			);
			defaultConfigurationIsVisible = 0;
			defaultConfigurationName = Release;
		};
		B7A7A2571C85CD2200764A0F /* Build configuration list for PBXNativeTarget "KinveyTest1" */ = {
			isa = XCConfigurationList;
			buildConfigurations = (
				B7A7A2581C85CD2200764A0F /* Debug */,
				B7A7A2591C85CD2200764A0F /* Release */,
			);
			defaultConfigurationIsVisible = 0;
			defaultConfigurationName = Release;
		};
		B7A7A25A1C85CD2200764A0F /* Build configuration list for PBXNativeTarget "KinveyTest1Tests" */ = {
			isa = XCConfigurationList;
			buildConfigurations = (
				B7A7A25B1C85CD2200764A0F /* Debug */,
				B7A7A25C1C85CD2200764A0F /* Release */,
			);
			defaultConfigurationIsVisible = 0;
			defaultConfigurationName = Release;
		};
		B7A7A25D1C85CD2200764A0F /* Build configuration list for PBXNativeTarget "KinveyTest1UITests" */ = {
			isa = XCConfigurationList;
			buildConfigurations = (
				B7A7A25E1C85CD2200764A0F /* Debug */,
				B7A7A25F1C85CD2200764A0F /* Release */,
			);
			defaultConfigurationIsVisible = 0;
			defaultConfigurationName = Release;
		};
/* End XCConfigurationList section */
	};
	rootObject = B7A7A2271C85CD2100764A0F /* Project object */;
}
